{
  "name": "fs-hiring-test",
  "requires": true,
  "lockfileVersion": 1,
  "dependencies": {
    "bootstrap-table": {
      "version": "1.11.2",
      "resolved": "https://registry.npmjs.org/bootstrap-table/-/bootstrap-table-1.11.2.tgz",
      "integrity": "sha1-X1+EFMl9laQOVtPTZFI9pDKzwLE="
    },
    "handsontable": {
      "version": "0.35.1",
      "resolved": "https://registry.npmjs.org/handsontable/-/handsontable-0.35.1.tgz",
      "integrity": "sha512-fWW5PSfBsd9HV2BhQzhXElauC51hRmNEqBgVO8vk7lSRqLcWS47SWckLR7A3N+2ctF0GBsZvxdDls2rxMP1SWg==",
      "requires": {
        "moment": "2.20.1",
        "numbro": "1.11.0",
        "pikaday": "1.5.1"
      }
    },
    "moment": {
      "version": "2.20.1",
      "resolved": "https://registry.npmjs.org/moment/-/moment-2.20.1.tgz",
      "integrity": "sha512-Yh9y73JRljxW5QxN08Fner68eFLxM5ynNOAw2LbIB1YAGeQzZT8QFSUvkAz609Zf+IHhhaUxqZK8dG3W/+HEvg=="
    },
    "numbro": {
      "version": "1.11.0",
      "resolved": "https://registry.npmjs.org/numbro/-/numbro-1.11.0.tgz",
      "integrity": "sha1-OaoXs1i0aCrsjKDVdV81xdnOj54="
    },
    "pikaday": {
      "version": "1.5.1",
      "resolved": "https://registry.npmjs.org/pikaday/-/pikaday-1.5.1.tgz",
      "integrity": "sha1-CkhUm8GhTqHQjEQHTXYbwvK/z9M=",
      "requires": {
        "moment": "2.20.1"
      }
    }
  }
}
